
Microsoft Visual Studio Solution File, Format Version 12.00
# Visual Studio Version 16
VisualStudioVersion = 16.0.32630.194
MinimumVisualStudioVersion = 10.0.40219.1
Project("{FAE04EC0-301F-11D3-BF4B-00C04F79EFBC}") = "Boolean Logic Submission Assignment", "Boolean Logic Submission Assignment.csproj", "{B253EB85-C647-4EA4-B90B-56D6D19605D6}"
EndProject
Global
	GlobalSection(SolutionConfigurationPlatforms) = preSolution
		Debug|Any CPU = Debug|Any CPU
		Release|Any CPU = Release|Any CPU
	EndGlobalSection
	GlobalSection(ProjectConfigurationPlatforms) = postSolution
		{B253EB85-C647-4EA4-B90B-56D6D19605D6}.Debug|Any CPU.ActiveCfg = Debug|Any CPU
		{B253EB85-C647-4EA4-B90B-56D6D19605D6}.Debug|Any CPU.Build.0 = Debug|Any CPU
		{B253EB85-C647-4EA4-B90B-56D6D19605D6}.Release|Any CPU.ActiveCfg = Release|Any CPU
		{B253EB85-C647-4EA4-B90B-56D6D19605D6}.Release|Any CPU.Build.0 = Release|Any CPU
	EndGlobalSection
	GlobalSection(SolutionProperties) = preSolution
		HideSolutionNode = FALSE
	EndGlobalSection
	GlobalSection(ExtensibilityGlobals) = postSolution
		SolutionGuid = {E2E25423-4B7A-4938-AFD6-A73E850CDADF}
	EndGlobalSection
EndGlobal
