
Microsoft Visual Studio Solution File, Format Version 12.00
# Visual Studio Version 16
VisualStudioVersion = 16.0.32630.194
MinimumVisualStudioVersion = 10.0.40219.1
Project("{FAE04EC0-301F-11D3-BF4B-00C04F79EFBC}") = "Exception Check", "Exception Check.csproj", "{0D70B46F-F7E0-4D76-97CE-71AC4FDE5589}"
EndProject
Global
	GlobalSection(SolutionConfigurationPlatforms) = preSolution
		Debug|Any CPU = Debug|Any CPU
		Release|Any CPU = Release|Any CPU
	EndGlobalSection
	GlobalSection(ProjectConfigurationPlatforms) = postSolution
		{0D70B46F-F7E0-4D76-97CE-71AC4FDE5589}.Debug|Any CPU.ActiveCfg = Debug|Any CPU
		{0D70B46F-F7E0-4D76-97CE-71AC4FDE5589}.Debug|Any CPU.Build.0 = Debug|Any CPU
		{0D70B46F-F7E0-4D76-97CE-71AC4FDE5589}.Release|Any CPU.ActiveCfg = Release|Any CPU
		{0D70B46F-F7E0-4D76-97CE-71AC4FDE5589}.Release|Any CPU.Build.0 = Release|Any CPU
	EndGlobalSection
	GlobalSection(SolutionProperties) = preSolution
		HideSolutionNode = FALSE
	EndGlobalSection
	GlobalSection(ExtensibilityGlobals) = postSolution
		SolutionGuid = {9BEE9540-B5FA-42B1-BB3D-CC8B6F61CC3F}
	EndGlobalSection
EndGlobal
