
Microsoft Visual Studio Solution File, Format Version 12.00
# Visual Studio Version 16
VisualStudioVersion = 16.0.32630.194
MinimumVisualStudioVersion = 10.0.40219.1
Project("{FAE04EC0-301F-11D3-BF4B-00C04F79EFBC}") = "Branching Submission Assignment", "Branching Submission Assignment.csproj", "{176CC9F6-6898-4C85-BD1D-9C223318F998}"
EndProject
Global
	GlobalSection(SolutionConfigurationPlatforms) = preSolution
		Debug|Any CPU = Debug|Any CPU
		Release|Any CPU = Release|Any CPU
	EndGlobalSection
	GlobalSection(ProjectConfigurationPlatforms) = postSolution
		{176CC9F6-6898-4C85-BD1D-9C223318F998}.Debug|Any CPU.ActiveCfg = Debug|Any CPU
		{176CC9F6-6898-4C85-BD1D-9C223318F998}.Debug|Any CPU.Build.0 = Debug|Any CPU
		{176CC9F6-6898-4C85-BD1D-9C223318F998}.Release|Any CPU.ActiveCfg = Release|Any CPU
		{176CC9F6-6898-4C85-BD1D-9C223318F998}.Release|Any CPU.Build.0 = Release|Any CPU
	EndGlobalSection
	GlobalSection(SolutionProperties) = preSolution
		HideSolutionNode = FALSE
	EndGlobalSection
	GlobalSection(ExtensibilityGlobals) = postSolution
		SolutionGuid = {41A1FFA6-D2F2-4165-9A94-4ED4847A6DBC}
	EndGlobalSection
EndGlobal
