
Microsoft Visual Studio Solution File, Format Version 12.00
# Visual Studio Version 16
VisualStudioVersion = 16.0.32630.194
MinimumVisualStudioVersion = 10.0.40219.1
Project("{FAE04EC0-301F-11D3-BF4B-00C04F79EFBC}") = "Optional Method", "Optional Method.csproj", "{9B43DED2-5725-4308-8C25-DB7D99062D44}"
EndProject
Global
	GlobalSection(SolutionConfigurationPlatforms) = preSolution
		Debug|Any CPU = Debug|Any CPU
		Release|Any CPU = Release|Any CPU
	EndGlobalSection
	GlobalSection(ProjectConfigurationPlatforms) = postSolution
		{9B43DED2-5725-4308-8C25-DB7D99062D44}.Debug|Any CPU.ActiveCfg = Debug|Any CPU
		{9B43DED2-5725-4308-8C25-DB7D99062D44}.Debug|Any CPU.Build.0 = Debug|Any CPU
		{9B43DED2-5725-4308-8C25-DB7D99062D44}.Release|Any CPU.ActiveCfg = Release|Any CPU
		{9B43DED2-5725-4308-8C25-DB7D99062D44}.Release|Any CPU.Build.0 = Release|Any CPU
	EndGlobalSection
	GlobalSection(SolutionProperties) = preSolution
		HideSolutionNode = FALSE
	EndGlobalSection
	GlobalSection(ExtensibilityGlobals) = postSolution
		SolutionGuid = {BC2AFBC1-A4AA-4200-A62C-EBBE0606B997}
	EndGlobalSection
EndGlobal
